{
    "_readme": [
        "This file locks the dependencies of your project to a known state",
        "Read more about it at https://getcomposer.org/doc/01-basic-usage.md#installing-dependencies",
        "This file is @generated automatically"
    ],
    "content-hash": "de08c028040985c3fe01925d52c841a2",
    "packages": [],
    "packages-dev": [
        {
            "name": "phpstan/phpstan",
            "version": "2.2.2",
            "dist": {
                "type": "zip",
                "url": "https://api.github.com/repos/phpstan/phpstan/zipball/e5cc34d491a90e79c216d824f60fe21fd4d93bd6",
                "reference": "e5cc34d491a90e79c216d824f60fe21fd4d93bd6",
                "shasum": ""
            },
            "require": {
                "php": "^7.4|^8.0"
            },
            "conflict": {
                "phpstan/phpstan-shim": "*"
            },
            "bin": [
                "phpstan",
                "phpstan.phar"
            ],
            "type": "library",
            "autoload": {
                "files": [
                    "bootstrap.php"
                ]
            },
            "notification-url": "https://packagist.org/downloads/",
            "license": [
                "MIT"
            ],
            "authors": [
                {
                    "name": "Ondřej Mirtes"
                },
                {
                    "name": "Markus Staab"
                },
                {
                    "name": "Vincent Langlet"
                }
            ],
            "description": "PHPStan - PHP Static Analysis Tool",
            "keywords": [
                "dev",
                "static analysis"
            ],
            "support": {
                "docs": "https://phpstan.org/user-guide/getting-started",
                "forum": "https://github.com/phpstan/phpstan/discussions",
                "issues": "https://github.com/phpstan/phpstan/issues",
                "security": "https://github.com/phpstan/phpstan/security/policy",
                "source": "https://github.com/phpstan/phpstan-src"
            },
            "funding": [
                {
                    "url": "https://github.com/ondrejmirtes",
                    "type": "github"
                },
                {
                    "url": "https://github.com/phpstan",
                    "type": "github"
                }
            ],
            "time": "2026-06-05T09:00:01+00:00"
        },
        {
            "name": "shopwarelabs/phpstan-shopware",
            "version": "0.2.2",
            "source": {
                "type": "git",
                "url": "https://github.com/shopware/phpstan-shopware.git",
                "reference": "e89c880017ff98457877f94599913fdc44453b78"
            },
            "dist": {
                "type": "zip",
                "url": "https://api.github.com/repos/shopware/phpstan-shopware/zipball/e89c880017ff98457877f94599913fdc44453b78",
                "reference": "e89c880017ff98457877f94599913fdc44453b78",
                "shasum": ""
            },
            "require": {
                "php": "^8.2",
                "phpstan/phpstan": "^2",
                "symfony/polyfill-php84": "*"
            },
            "require-dev": {
                "friendsofphp/php-cs-fixer": "v3.84.0",
                "phpstan/extension-installer": "*",
                "phpunit/phpunit": "~11.3.6",
                "shopware/core": "^6.6"
            },
            "type": "library",
            "extra": {
                "phpstan": {
                    "includes": [
                        "rules.neon"
                    ]
                }
            },
            "autoload": {
                "psr-4": {
                    "Shopware\\PhpStan\\": "src/"
                }
            },
            "notification-url": "https://packagist.org/downloads/",
            "license": [
                "MIT"
            ],
            "description": "PhpStan Rules for Shopware",
            "support": {
                "issues": "https://github.com/shopware/phpstan-shopware/issues",
                "source": "https://github.com/shopware/phpstan-shopware/tree/0.2.2"
            },
            "time": "2026-05-25T06:00:21+00:00"
        },
        {
            "name": "symfony/polyfill-php84",
            "version": "v1.38.1",
            "source": {
                "type": "git",
                "url": "https://github.com/symfony/polyfill-php84.git",
                "reference": "f4e1dfaee5b74aba5964fe1fd4dfc7ba5e3085fa"
            },
            "dist": {
                "type": "zip",
                "url": "https://api.github.com/repos/symfony/polyfill-php84/zipball/f4e1dfaee5b74aba5964fe1fd4dfc7ba5e3085fa",
                "reference": "f4e1dfaee5b74aba5964fe1fd4dfc7ba5e3085fa",
                "shasum": ""
            },
            "require": {
                "php": ">=7.2"
            },
            "type": "library",
            "extra": {
                "thanks": {
                    "url": "https://github.com/symfony/polyfill",
                    "name": "symfony/polyfill"
                }
            },
            "autoload": {
                "files": [
                    "bootstrap.php"
                ],
                "psr-4": {
                    "Symfony\\Polyfill\\Php84\\": ""
                },
                "classmap": [
                    "Resources/stubs"
                ]
            },
            "notification-url": "https://packagist.org/downloads/",
            "license": [
                "MIT"
            ],
            "authors": [
                {
                    "name": "Nicolas Grekas",
                    "email": "p@tchwork.com"
                },
                {
                    "name": "Symfony Community",
                    "homepage": "https://symfony.com/contributors"
                }
            ],
            "description": "Symfony polyfill backporting some PHP 8.4+ features to lower PHP versions",
            "homepage": "https://symfony.com",
            "keywords": [
                "compatibility",
                "polyfill",
                "portable",
                "shim"
            ],
            "support": {
                "source": "https://github.com/symfony/polyfill-php84/tree/v1.38.1"
            },
            "funding": [
                {
                    "url": "https://symfony.com/sponsor",
                    "type": "custom"
                },
                {
                    "url": "https://github.com/fabpot",
                    "type": "github"
                },
                {
                    "url": "https://github.com/nicolas-grekas",
                    "type": "github"
                },
                {
                    "url": "https://tidelift.com/funding/github/packagist/symfony/symfony",
                    "type": "tidelift"
                }
            ],
            "time": "2026-05-26T12:51:13+00:00"
        }
    ],
    "aliases": [],
    "minimum-stability": "stable",
    "stability-flags": [],
    "prefer-stable": false,
    "prefer-lowest": false,
    "platform": [],
    "platform-dev": [],
    "plugin-api-version": "2.6.0"
}
